// !$*UTF8*$!
{
	archiveVersion = 1;
	classes = {
	};
	objectVersion = 48;
	objects = {

/* Begin PBXBuildFile section */
		1B05EB642020F9A300892D14 /* AppDelegate.swift in Sources */ = {isa = PBXBuildFile; fileRef = 1B05EB632020F9A300892D14 /* AppDelegate.swift */; };
		1B05EB662020F9A300892D14 /* MessageController.swift in Sources */ = {isa = PBXBuildFile; fileRef = 1B05EB652020F9A300892D14 /* MessageController.swift */; };
		1B05EB692020F9A300892D14 /* Main.storyboard in Resources */ = {isa = PBXBuildFile; fileRef = 1B05EB672020F9A300892D14 /* Main.storyboard */; };
		1B05EB6B2020F9A300892D14 /* Assets.xcassets in Resources */ = {isa = PBXBuildFile; fileRef = 1B05EB6A2020F9A300892D14 /* Assets.xcassets */; };
		1B05EB6E2020F9A300892D14 /* LaunchScreen.storyboard in Resources */ = {isa = PBXBuildFile; fileRef = 1B05EB6C2020F9A300892D14 /* LaunchScreen.storyboard */; };
		1B05EB762020F9C200892D14 /* LoginViewController.swift in Sources */ = {isa = PBXBuildFile; fileRef = 1B05EB752020F9C200892D14 /* LoginViewController.swift */; };
		1B05EB7A2020FD1C00892D14 /* GoogleService-Info.plist in Resources */ = {isa = PBXBuildFile; fileRef = 1B05EB792020FD1C00892D14 /* GoogleService-Info.plist */; };
		1B2814EC20236E280050EB44 /* Helper.swift in Sources */ = {isa = PBXBuildFile; fileRef = 1B2814EB20236E280050EB44 /* Helper.swift */; };
		1B7948202025DF2900ACF640 /* chatLogController.swift in Sources */ = {isa = PBXBuildFile; fileRef = 1B79481F2025DF2900ACF640 /* chatLogController.swift */; };
		1B79482220262DE900ACF640 /* Message.swift in Sources */ = {isa = PBXBuildFile; fileRef = 1B79482120262DE900ACF640 /* Message.swift */; };
		1B914EFF202202F9002DB512 /* NewMessageController.swift in Sources */ = {isa = PBXBuildFile; fileRef = 1B914EFE202202F9002DB512 /* NewMessageController.swift */; };
		1B914F03202206DD002DB512 /* Users.swift in Sources */ = {isa = PBXBuildFile; fileRef = 1B914F02202206DD002DB512 /* Users.swift */; };
		1B91FB892026CF0700C45836 /* UserCell.swift in Sources */ = {isa = PBXBuildFile; fileRef = 1B91FB882026CF0700C45836 /* UserCell.swift */; };
		1B959C99202230BB00DE8048 /* LoginControllerExtensionFile.swift in Sources */ = {isa = PBXBuildFile; fileRef = 1B959C98202230BB00DE8048 /* LoginControllerExtensionFile.swift */; };
		1BDDAF54202A178D00208110 /* ChatViewCell.swift in Sources */ = {isa = PBXBuildFile; fileRef = 1BDDAF53202A178D00208110 /* ChatViewCell.swift */; };
		A1B851F8F5F5499128B23C6F /* Pods_Chat_App.framework in Frameworks */ = {isa = PBXBuildFile; fileRef = 2599A056D2F286701172456C /* Pods_Chat_App.framework */; };
/* End PBXBuildFile section */

/* Begin PBXContainerItemProxy section */
		1B914F0D20221E62002DB512 /* PBXContainerItemProxy */ = {
			isa = PBXContainerItemProxy;
			containerPortal = 1B05EB582020F9A300892D14 /* Project object */;
			proxyType = 1;
			remoteGlobalIDString = 1B05EB5F2020F9A300892D14;
			remoteInfo = "Chat App";
		};
/* End PBXContainerItemProxy section */

/* Begin PBXFileReference section */
		09AAA40CF5FA8328230EB044 /* Pods-Chat App.release.xcconfig */ = {isa = PBXFileReference; includeInIndex = 1; lastKnownFileType = text.xcconfig; name = "Pods-Chat App.release.xcconfig"; path = "Pods/Target Support Files/Pods-Chat App/Pods-Chat App.release.xcconfig"; sourceTree = "<group>"; };
		1B05EB602020F9A300892D14 /* Chat App.app */ = {isa = PBXFileReference; explicitFileType = wrapper.application; includeInIndex = 0; path = "Chat App.app"; sourceTree = BUILT_PRODUCTS_DIR; };
		1B05EB632020F9A300892D14 /* AppDelegate.swift */ = {isa = PBXFileReference; lastKnownFileType = sourcecode.swift; path = AppDelegate.swift; sourceTree = "<group>"; };
		1B05EB652020F9A300892D14 /* MessageController.swift */ = {isa = PBXFileReference; lastKnownFileType = sourcecode.swift; path = MessageController.swift; sourceTree = "<group>"; };
		1B05EB682020F9A300892D14 /* Base */ = {isa = PBXFileReference; lastKnownFileType = file.storyboard; name = Base; path = Base.lproj/Main.storyboard; sourceTree = "<group>"; };
		1B05EB6A2020F9A300892D14 /* Assets.xcassets */ = {isa = PBXFileReference; lastKnownFileType = folder.assetcatalog; path = Assets.xcassets; sourceTree = "<group>"; };
		1B05EB6D2020F9A300892D14 /* Base */ = {isa = PBXFileReference; lastKnownFileType = file.storyboard; name = Base; path = Base.lproj/LaunchScreen.storyboard; sourceTree = "<group>"; };
		1B05EB6F2020F9A300892D14 /* Info.plist */ = {isa = PBXFileReference; lastKnownFileType = text.plist.xml; path = Info.plist; sourceTree = "<group>"; };
		1B05EB752020F9C200892D14 /* LoginViewController.swift */ = {isa = PBXFileReference; lastKnownFileType = sourcecode.swift; path = LoginViewController.swift; sourceTree = "<group>"; };
		1B05EB792020FD1C00892D14 /* GoogleService-Info.plist */ = {isa = PBXFileReference; fileEncoding = 4; lastKnownFileType = text.plist.xml; path = "GoogleService-Info.plist"; sourceTree = SOURCE_ROOT; };
		1B2814EB20236E280050EB44 /* Helper.swift */ = {isa = PBXFileReference; lastKnownFileType = sourcecode.swift; path = Helper.swift; sourceTree = "<group>"; };
		1B79481F2025DF2900ACF640 /* chatLogController.swift */ = {isa = PBXFileReference; lastKnownFileType = sourcecode.swift; path = chatLogController.swift; sourceTree = "<group>"; };
		1B79482120262DE900ACF640 /* Message.swift */ = {isa = PBXFileReference; lastKnownFileType = sourcecode.swift; path = Message.swift; sourceTree = "<group>"; };
		1B914EFE202202F9002DB512 /* NewMessageController.swift */ = {isa = PBXFileReference; lastKnownFileType = sourcecode.swift; path = NewMessageController.swift; sourceTree = "<group>"; };
		1B914F02202206DD002DB512 /* Users.swift */ = {isa = PBXFileReference; lastKnownFileType = sourcecode.swift; path = Users.swift; sourceTree = "<group>"; };
		1B914F0820221E62002DB512 /* Chat AppUITests.xctest */ = {isa = PBXFileReference; explicitFileType = wrapper.cfbundle; includeInIndex = 0; path = "Chat AppUITests.xctest"; sourceTree = BUILT_PRODUCTS_DIR; };
		1B91FB882026CF0700C45836 /* UserCell.swift */ = {isa = PBXFileReference; lastKnownFileType = sourcecode.swift; path = UserCell.swift; sourceTree = "<group>"; };
		1B959C98202230BB00DE8048 /* LoginControllerExtensionFile.swift */ = {isa = PBXFileReference; lastKnownFileType = sourcecode.swift; path = LoginControllerExtensionFile.swift; sourceTree = "<group>"; };
		1BDDAF53202A178D00208110 /* ChatViewCell.swift */ = {isa = PBXFileReference; lastKnownFileType = sourcecode.swift; path = ChatViewCell.swift; sourceTree = "<group>"; };
		2599A056D2F286701172456C /* Pods_Chat_App.framework */ = {isa = PBXFileReference; explicitFileType = wrapper.framework; includeInIndex = 0; path = Pods_Chat_App.framework; sourceTree = BUILT_PRODUCTS_DIR; };
		7ED82B5FE0B834EC0A20EC81 /* Pods-Chat App.debug.xcconfig */ = {isa = PBXFileReference; includeInIndex = 1; lastKnownFileType = text.xcconfig; name = "Pods-Chat App.debug.xcconfig"; path = "Pods/Target Support Files/Pods-Chat App/Pods-Chat App.debug.xcconfig"; sourceTree = "<group>"; };
/* End PBXFileReference section */

/* Begin PBXFrameworksBuildPhase section */
		1B05EB5D2020F9A300892D14 /* Frameworks */ = {
			isa = PBXFrameworksBuildPhase;
			buildActionMask = 2147483647;
			files = (
				A1B851F8F5F5499128B23C6F /* Pods_Chat_App.framework in Frameworks */,
			);
			runOnlyForDeploymentPostprocessing = 0;
		};
		1B914F0520221E62002DB512 /* Frameworks */ = {
			isa = PBXFrameworksBuildPhase;
			buildActionMask = 2147483647;
			files = (
			);
			runOnlyForDeploymentPostprocessing = 0;
		};
/* End PBXFrameworksBuildPhase section */

/* Begin PBXGroup section */
		1B05EB572020F9A300892D14 = {
			isa = PBXGroup;
			children = (
				1B05EB622020F9A300892D14 /* Chat App */,
				1B05EB612020F9A300892D14 /* Products */,
				559C41AFE7E498B9E7AA23CB /* Pods */,
				DF1BEC2EC5338ACBD30E06E9 /* Frameworks */,
			);
			sourceTree = "<group>";
		};
		1B05EB612020F9A300892D14 /* Products */ = {
			isa = PBXGroup;
			children = (
				1B05EB602020F9A300892D14 /* Chat App.app */,
				1B914F0820221E62002DB512 /* Chat AppUITests.xctest */,
			);
			name = Products;
			sourceTree = "<group>";
		};
		1B05EB622020F9A300892D14 /* Chat App */ = {
			isa = PBXGroup;
			children = (
				1B91FB872026CEF300C45836 /* View */,
				1B914F01202206C4002DB512 /* Model */,
				1B914EFD2021FE7D002DB512 /* Controller */,
				1B05EB672020F9A300892D14 /* Main.storyboard */,
				1B05EB632020F9A300892D14 /* AppDelegate.swift */,
				1B05EB6A2020F9A300892D14 /* Assets.xcassets */,
				1B05EB6C2020F9A300892D14 /* LaunchScreen.storyboard */,
				1B05EB792020FD1C00892D14 /* GoogleService-Info.plist */,
				1B05EB6F2020F9A300892D14 /* Info.plist */,
			);
			path = "Chat App";
			sourceTree = "<group>";
		};
		1B914EFD2021FE7D002DB512 /* Controller */ = {
			isa = PBXGroup;
			children = (
				1B05EB652020F9A300892D14 /* MessageController.swift */,
				1B914EFE202202F9002DB512 /* NewMessageController.swift */,
				1B05EB752020F9C200892D14 /* LoginViewController.swift */,
				1B959C98202230BB00DE8048 /* LoginControllerExtensionFile.swift */,
				1B79481F2025DF2900ACF640 /* chatLogController.swift */,
			);
			path = Controller;
			sourceTree = "<group>";
		};
		1B914F01202206C4002DB512 /* Model */ = {
			isa = PBXGroup;
			children = (
				1B914F02202206DD002DB512 /* Users.swift */,
				1B79482120262DE900ACF640 /* Message.swift */,
				1B2814EB20236E280050EB44 /* Helper.swift */,
			);
			path = Model;
			sourceTree = "<group>";
		};
		1B91FB872026CEF300C45836 /* View */ = {
			isa = PBXGroup;
			children = (
				1B91FB882026CF0700C45836 /* UserCell.swift */,
				1BDDAF53202A178D00208110 /* ChatViewCell.swift */,
			);
			path = View;
			sourceTree = "<group>";
		};
		559C41AFE7E498B9E7AA23CB /* Pods */ = {
			isa = PBXGroup;
			children = (
				7ED82B5FE0B834EC0A20EC81 /* Pods-Chat App.debug.xcconfig */,
				09AAA40CF5FA8328230EB044 /* Pods-Chat App.release.xcconfig */,
			);
			name = Pods;
			sourceTree = "<group>";
		};
		DF1BEC2EC5338ACBD30E06E9 /* Frameworks */ = {
			isa = PBXGroup;
			children = (
				2599A056D2F286701172456C /* Pods_Chat_App.framework */,
			);
			name = Frameworks;
			sourceTree = "<group>";
		};
/* End PBXGroup section */

/* Begin PBXNativeTarget section */
		1B05EB5F2020F9A300892D14 /* Chat App */ = {
			isa = PBXNativeTarget;
			buildConfigurationList = 1B05EB722020F9A300892D14 /* Build configuration list for PBXNativeTarget "Chat App" */;
			buildPhases = (
				875D9C6126CD2CE405971683 /* [CP] Check Pods Manifest.lock */,
				1B0832722021014F00499950 /* ShellScript */,
				1B05EB5C2020F9A300892D14 /* Sources */,
				1B05EB5D2020F9A300892D14 /* Frameworks */,
				1B05EB5E2020F9A300892D14 /* Resources */,
				31FD34669846A52EB4ED5CD6 /* [CP] Embed Pods Frameworks */,
				215A7358DE755421B5A93211 /* [CP] Copy Pods Resources */,
			);
			buildRules = (
			);
			dependencies = (
			);
			name = "Chat App";
			productName = "Chat App";
			productReference = 1B05EB602020F9A300892D14 /* Chat App.app */;
			productType = "com.apple.product-type.application";
		};
		1B914F0720221E62002DB512 /* Chat AppUITests */ = {
			isa = PBXNativeTarget;
			buildConfigurationList = 1B914F0F20221E62002DB512 /* Build configuration list for PBXNativeTarget "Chat AppUITests" */;
			buildPhases = (
				1B914F0420221E62002DB512 /* Sources */,
				1B914F0520221E62002DB512 /* Frameworks */,
				1B914F0620221E62002DB512 /* Resources */,
			);
			buildRules = (
			);
			dependencies = (
				1B914F0E20221E62002DB512 /* PBXTargetDependency */,
			);
			name = "Chat AppUITests";
			productName = "Chat AppUITests";
			productReference = 1B914F0820221E62002DB512 /* Chat AppUITests.xctest */;
			productType = "com.apple.product-type.bundle.ui-testing";
		};
/* End PBXNativeTarget section */

/* Begin PBXProject section */
		1B05EB582020F9A300892D14 /* Project object */ = {
			isa = PBXProject;
			attributes = {
				LastSwiftUpdateCheck = 0920;
				LastUpgradeCheck = 0920;
				ORGANIZATIONNAME = Siddique;
				TargetAttributes = {
					1B05EB5F2020F9A300892D14 = {
						CreatedOnToolsVersion = 9.2;
						ProvisioningStyle = Automatic;
					};
					1B914F0720221E62002DB512 = {
						CreatedOnToolsVersion = 9.2;
						ProvisioningStyle = Automatic;
						TestTargetID = 1B05EB5F2020F9A300892D14;
					};
				};
			};
			buildConfigurationList = 1B05EB5B2020F9A300892D14 /* Build configuration list for PBXProject "Chat App" */;
			compatibilityVersion = "Xcode 8.0";
			developmentRegion = en;
			hasScannedForEncodings = 0;
			knownRegions = (
				en,
				Base,
			);
			mainGroup = 1B05EB572020F9A300892D14;
			productRefGroup = 1B05EB612020F9A300892D14 /* Products */;
			projectDirPath = "";
			projectRoot = "";
			targets = (
				1B05EB5F2020F9A300892D14 /* Chat App */,
				1B914F0720221E62002DB512 /* Chat AppUITests */,
			);
		};
/* End PBXProject section */

/* Begin PBXResourcesBuildPhase section */
		1B05EB5E2020F9A300892D14 /* Resources */ = {
			isa = PBXResourcesBuildPhase;
			buildActionMask = 2147483647;
			files = (
				1B05EB6E2020F9A300892D14 /* LaunchScreen.storyboard in Resources */,
				1B05EB7A2020FD1C00892D14 /* GoogleService-Info.plist in Resources */,
				1B05EB6B2020F9A300892D14 /* Assets.xcassets in Resources */,
				1B05EB692020F9A300892D14 /* Main.storyboard in Resources */,
			);
			runOnlyForDeploymentPostprocessing = 0;
		};
		1B914F0620221E62002DB512 /* Resources */ = {
			isa = PBXResourcesBuildPhase;
			buildActionMask = 2147483647;
			files = (
			);
			runOnlyForDeploymentPostprocessing = 0;
		};
/* End PBXResourcesBuildPhase section */

/* Begin PBXShellScriptBuildPhase section */
		1B0832722021014F00499950 /* ShellScript */ = {
			isa = PBXShellScriptBuildPhase;
			buildActionMask = 2147483647;
			files = (
			);
			inputPaths = (
			);
			outputPaths = (
			);
			runOnlyForDeploymentPostprocessing = 0;
			shellPath = /bin/sh;
			shellScript = "\"${PODS_ROOT}/SwiftLint/swiftlint\"";
		};
		215A7358DE755421B5A93211 /* [CP] Copy Pods Resources */ = {
			isa = PBXShellScriptBuildPhase;
			buildActionMask = 2147483647;
			files = (
			);
			inputPaths = (
			);
			name = "[CP] Copy Pods Resources";
			outputPaths = (
			);
			runOnlyForDeploymentPostprocessing = 0;
			shellPath = /bin/sh;
			shellScript = "\"${SRCROOT}/Pods/Target Support Files/Pods-Chat App/Pods-Chat App-resources.sh\"\n";
			showEnvVarsInLog = 0;
		};
		31FD34669846A52EB4ED5CD6 /* [CP] Embed Pods Frameworks */ = {
			isa = PBXShellScriptBuildPhase;
			buildActionMask = 2147483647;
			files = (
			);
			inputPaths = (
				"${SRCROOT}/Pods/Target Support Files/Pods-Chat App/Pods-Chat App-frameworks.sh",
				"${BUILT_PRODUCTS_DIR}/GTMSessionFetcher/GTMSessionFetcher.framework",
				"${BUILT_PRODUCTS_DIR}/GoogleToolboxForMac/GoogleToolboxForMac.framework",
				"${BUILT_PRODUCTS_DIR}/leveldb-library/leveldb.framework",
				"${BUILT_PRODUCTS_DIR}/nanopb/nanopb.framework",
			);
			name = "[CP] Embed Pods Frameworks";
			outputPaths = (
				"${TARGET_BUILD_DIR}/${FRAMEWORKS_FOLDER_PATH}/GTMSessionFetcher.framework",
				"${TARGET_BUILD_DIR}/${FRAMEWORKS_FOLDER_PATH}/GoogleToolboxForMac.framework",
				"${TARGET_BUILD_DIR}/${FRAMEWORKS_FOLDER_PATH}/leveldb.framework",
				"${TARGET_BUILD_DIR}/${FRAMEWORKS_FOLDER_PATH}/nanopb.framework",
			);
			runOnlyForDeploymentPostprocessing = 0;
			shellPath = /bin/sh;
			shellScript = "\"${SRCROOT}/Pods/Target Support Files/Pods-Chat App/Pods-Chat App-frameworks.sh\"\n";
			showEnvVarsInLog = 0;
		};
		875D9C6126CD2CE405971683 /* [CP] Check Pods Manifest.lock */ = {
			isa = PBXShellScriptBuildPhase;
			buildActionMask = 2147483647;
			files = (
			);
			inputPaths = (
				"${PODS_PODFILE_DIR_PATH}/Podfile.lock",
				"${PODS_ROOT}/Manifest.lock",
			);
			name = "[CP] Check Pods Manifest.lock";
			outputPaths = (
				"$(DERIVED_FILE_DIR)/Pods-Chat App-checkManifestLockResult.txt",
			);
			runOnlyForDeploymentPostprocessing = 0;
			shellPath = /bin/sh;
			shellScript = "diff \"${PODS_PODFILE_DIR_PATH}/Podfile.lock\" \"${PODS_ROOT}/Manifest.lock\" > /dev/null\nif [ $? != 0 ] ; then\n    # print error to STDERR\n    echo \"error: The sandbox is not in sync with the Podfile.lock. Run 'pod install' or update your CocoaPods installation.\" >&2\n    exit 1\nfi\n# This output is used by Xcode 'outputs' to avoid re-running this script phase.\necho \"SUCCESS\" > \"${SCRIPT_OUTPUT_FILE_0}\"\n";
			showEnvVarsInLog = 0;
		};
/* End PBXShellScriptBuildPhase section */

/* Begin PBXSourcesBuildPhase section */
		1B05EB5C2020F9A300892D14 /* Sources */ = {
			isa = PBXSourcesBuildPhase;
			buildActionMask = 2147483647;
			files = (
				1B7948202025DF2900ACF640 /* chatLogController.swift in Sources */,
				1B914EFF202202F9002DB512 /* NewMessageController.swift in Sources */,
				1B2814EC20236E280050EB44 /* Helper.swift in Sources */,
				1B914F03202206DD002DB512 /* Users.swift in Sources */,
				1B05EB762020F9C200892D14 /* LoginViewController.swift in Sources */,
				1B79482220262DE900ACF640 /* Message.swift in Sources */,
				1B05EB662020F9A300892D14 /* MessageController.swift in Sources */,
				1B05EB642020F9A300892D14 /* AppDelegate.swift in Sources */,
				1B91FB892026CF0700C45836 /* UserCell.swift in Sources */,
				1B959C99202230BB00DE8048 /* LoginControllerExtensionFile.swift in Sources */,
				1BDDAF54202A178D00208110 /* ChatViewCell.swift in Sources */,
			);
			runOnlyForDeploymentPostprocessing = 0;
		};
		1B914F0420221E62002DB512 /* Sources */ = {
			isa = PBXSourcesBuildPhase;
			buildActionMask = 2147483647;
			files = (
			);
			runOnlyForDeploymentPostprocessing = 0;
		};
/* End PBXSourcesBuildPhase section */

/* Begin PBXTargetDependency section */
		1B914F0E20221E62002DB512 /* PBXTargetDependency */ = {
			isa = PBXTargetDependency;
			target = 1B05EB5F2020F9A300892D14 /* Chat App */;
			targetProxy = 1B914F0D20221E62002DB512 /* PBXContainerItemProxy */;
		};
/* End PBXTargetDependency section */

/* Begin PBXVariantGroup section */
		1B05EB672020F9A300892D14 /* Main.storyboard */ = {
			isa = PBXVariantGroup;
			children = (
				1B05EB682020F9A300892D14 /* Base */,
			);
			name = Main.storyboard;
			sourceTree = "<group>";
		};
		1B05EB6C2020F9A300892D14 /* LaunchScreen.storyboard */ = {
			isa = PBXVariantGroup;
			children = (
				1B05EB6D2020F9A300892D14 /* Base */,
			);
			name = LaunchScreen.storyboard;
			sourceTree = "<group>";
		};
/* End PBXVariantGroup section */

/* Begin XCBuildConfiguration section */
		1B05EB702020F9A300892D14 /* Debug */ = {
			isa = XCBuildConfiguration;
			buildSettings = {
				ALWAYS_SEARCH_USER_PATHS = NO;
				CLANG_ANALYZER_NONNULL = YES;
				CLANG_ANALYZER_NUMBER_OBJECT_CONVERSION = YES_AGGRESSIVE;
				CLANG_CXX_LANGUAGE_STANDARD = "gnu++14";
				CLANG_CXX_LIBRARY = "libc++";
				CLANG_ENABLE_MODULES = YES;
				CLANG_ENABLE_OBJC_ARC = YES;
				CLANG_WARN_BLOCK_CAPTURE_AUTORELEASING = YES;
				CLANG_WARN_BOOL_CONVERSION = YES;
				CLANG_WARN_COMMA = YES;
				CLANG_WARN_CONSTANT_CONVERSION = YES;
				CLANG_WARN_DIRECT_OBJC_ISA_USAGE = YES_ERROR;
				CLANG_WARN_DOCUMENTATION_COMMENTS = YES;
				CLANG_WARN_EMPTY_BODY = YES;
				CLANG_WARN_ENUM_CONVERSION = YES;
				CLANG_WARN_INFINITE_RECURSION = YES;
				CLANG_WARN_INT_CONVERSION = YES;
				CLANG_WARN_NON_LITERAL_NULL_CONVERSION = YES;
				CLANG_WARN_OBJC_LITERAL_CONVERSION = YES;
				CLANG_WARN_OBJC_ROOT_CLASS = YES_ERROR;
				CLANG_WARN_RANGE_LOOP_ANALYSIS = YES;
				CLANG_WARN_STRICT_PROTOTYPES = YES;
				CLANG_WARN_SUSPICIOUS_MOVE = YES;
				CLANG_WARN_UNGUARDED_AVAILABILITY = YES_AGGRESSIVE;
				CLANG_WARN_UNREACHABLE_CODE = YES;
				CLANG_WARN__DUPLICATE_METHOD_MATCH = YES;
				CODE_SIGN_IDENTITY = "iPhone Developer";
				COPY_PHASE_STRIP = NO;
				DEBUG_INFORMATION_FORMAT = dwarf;
				ENABLE_STRICT_OBJC_MSGSEND = YES;
				ENABLE_TESTABILITY = YES;
				GCC_C_LANGUAGE_STANDARD = gnu11;
				GCC_DYNAMIC_NO_PIC = NO;
				GCC_NO_COMMON_BLOCKS = YES;
				GCC_OPTIMIZATION_LEVEL = 0;
				GCC_PREPROCESSOR_DEFINITIONS = (
					"DEBUG=1",
					"$(inherited)",
				);
				GCC_WARN_64_TO_32_BIT_CONVERSION = YES;
				GCC_WARN_ABOUT_RETURN_TYPE = YES_ERROR;
				GCC_WARN_UNDECLARED_SELECTOR = YES;
				GCC_WARN_UNINITIALIZED_AUTOS = YES_AGGRESSIVE;
				GCC_WARN_UNUSED_FUNCTION = YES;
				GCC_WARN_UNUSED_VARIABLE = YES;
				IPHONEOS_DEPLOYMENT_TARGET = 11.2;
				MTL_ENABLE_DEBUG_INFO = YES;
				ONLY_ACTIVE_ARCH = YES;
				SDKROOT = iphoneos;
				SWIFT_ACTIVE_COMPILATION_CONDITIONS = DEBUG;
				SWIFT_OPTIMIZATION_LEVEL = "-Onone";
			};
			name = Debug;
		};
		1B05EB712020F9A300892D14 /* Release */ = {
			isa = XCBuildConfiguration;
			buildSettings = {
				ALWAYS_SEARCH_USER_PATHS = NO;
				CLANG_ANALYZER_NONNULL = YES;
				CLANG_ANALYZER_NUMBER_OBJECT_CONVERSION = YES_AGGRESSIVE;
				CLANG_CXX_LANGUAGE_STANDARD = "gnu++14";
				CLANG_CXX_LIBRARY = "libc++";
				CLANG_ENABLE_MODULES = YES;
				CLANG_ENABLE_OBJC_ARC = YES;
				CLANG_WARN_BLOCK_CAPTURE_AUTORELEASING = YES;
				CLANG_WARN_BOOL_CONVERSION = YES;
				CLANG_WARN_COMMA = YES;
				CLANG_WARN_CONSTANT_CONVERSION = YES;
				CLANG_WARN_DIRECT_OBJC_ISA_USAGE = YES_ERROR;
				CLANG_WARN_DOCUMENTATION_COMMENTS = YES;
				CLANG_WARN_EMPTY_BODY = YES;
				CLANG_WARN_ENUM_CONVERSION = YES;
				CLANG_WARN_INFINITE_RECURSION = YES;
				CLANG_WARN_INT_CONVERSION = YES;
				CLANG_WARN_NON_LITERAL_NULL_CONVERSION = YES;
				CLANG_WARN_OBJC_LITERAL_CONVERSION = YES;
				CLANG_WARN_OBJC_ROOT_CLASS = YES_ERROR;
				CLANG_WARN_RANGE_LOOP_ANALYSIS = YES;
				CLANG_WARN_STRICT_PROTOTYPES = YES;
				CLANG_WARN_SUSPICIOUS_MOVE = YES;
				CLANG_WARN_UNGUARDED_AVAILABILITY = YES_AGGRESSIVE;
				CLANG_WARN_UNREACHABLE_CODE = YES;
				CLANG_WARN__DUPLICATE_METHOD_MATCH = YES;
				CODE_SIGN_IDENTITY = "iPhone Developer";
				COPY_PHASE_STRIP = NO;
				DEBUG_INFORMATION_FORMAT = "dwarf-with-dsym";
				ENABLE_NS_ASSERTIONS = NO;
				ENABLE_STRICT_OBJC_MSGSEND = YES;
				GCC_C_LANGUAGE_STANDARD = gnu11;
				GCC_NO_COMMON_BLOCKS = YES;
				GCC_WARN_64_TO_32_BIT_CONVERSION = YES;
				GCC_WARN_ABOUT_RETURN_TYPE = YES_ERROR;
				GCC_WARN_UNDECLARED_SELECTOR = YES;
				GCC_WARN_UNINITIALIZED_AUTOS = YES_AGGRESSIVE;
				GCC_WARN_UNUSED_FUNCTION = YES;
				GCC_WARN_UNUSED_VARIABLE = YES;
				IPHONEOS_DEPLOYMENT_TARGET = 11.2;
				MTL_ENABLE_DEBUG_INFO = NO;
				SDKROOT = iphoneos;
				SWIFT_OPTIMIZATION_LEVEL = "-Owholemodule";
				VALIDATE_PRODUCT = YES;
			};
			name = Release;
		};
		1B05EB732020F9A300892D14 /* Debug */ = {
			isa = XCBuildConfiguration;
			baseConfigurationReference = 7ED82B5FE0B834EC0A20EC81 /* Pods-Chat App.debug.xcconfig */;
			buildSettings = {
				ASSETCATALOG_COMPILER_APPICON_NAME = AppIcon;
				CODE_SIGN_STYLE = Automatic;
				DEVELOPMENT_TEAM = AREZX5EZP6;
				INFOPLIST_FILE = "Chat App/Info.plist";
				LD_RUNPATH_SEARCH_PATHS = "$(inherited) @executable_path/Frameworks";
				PRODUCT_BUNDLE_IDENTIFIER = "com.siddique.Chat-App";
				PRODUCT_NAME = "$(TARGET_NAME)";
				SWIFT_VERSION = 4.0;
				TARGETED_DEVICE_FAMILY = 1;
			};
			name = Debug;
		};
		1B05EB742020F9A300892D14 /* Release */ = {
			isa = XCBuildConfiguration;
			baseConfigurationReference = 09AAA40CF5FA8328230EB044 /* Pods-Chat App.release.xcconfig */;
			buildSettings = {
				ASSETCATALOG_COMPILER_APPICON_NAME = AppIcon;
				CODE_SIGN_STYLE = Automatic;
				DEVELOPMENT_TEAM = AREZX5EZP6;
				INFOPLIST_FILE = "Chat App/Info.plist";
				LD_RUNPATH_SEARCH_PATHS = "$(inherited) @executable_path/Frameworks";
				PRODUCT_BUNDLE_IDENTIFIER = "com.siddique.Chat-App";
				PRODUCT_NAME = "$(TARGET_NAME)";
				SWIFT_VERSION = 4.0;
				TARGETED_DEVICE_FAMILY = 1;
			};
			name = Release;
		};
		1B914F1020221E62002DB512 /* Debug */ = {
			isa = XCBuildConfiguration;
			buildSettings = {
				CODE_SIGN_STYLE = Automatic;
				DEVELOPMENT_TEAM = AREZX5EZP6;
				INFOPLIST_FILE = "Chat AppUITests/Info.plist";
				LD_RUNPATH_SEARCH_PATHS = "$(inherited) @executable_path/Frameworks @loader_path/Frameworks";
				PRODUCT_BUNDLE_IDENTIFIER = "com.siddique.Chat-AppUITests";
				PRODUCT_NAME = "$(TARGET_NAME)";
				SWIFT_VERSION = 4.0;
				TARGETED_DEVICE_FAMILY = "1,2";
				TEST_TARGET_NAME = "Chat App";
			};
			name = Debug;
		};
		1B914F1120221E62002DB512 /* Release */ = {
			isa = XCBuildConfiguration;
			buildSettings = {
				CODE_SIGN_STYLE = Automatic;
				DEVELOPMENT_TEAM = AREZX5EZP6;
				INFOPLIST_FILE = "Chat AppUITests/Info.plist";
				LD_RUNPATH_SEARCH_PATHS = "$(inherited) @executable_path/Frameworks @loader_path/Frameworks";
				PRODUCT_BUNDLE_IDENTIFIER = "com.siddique.Chat-AppUITests";
				PRODUCT_NAME = "$(TARGET_NAME)";
				SWIFT_VERSION = 4.0;
				TARGETED_DEVICE_FAMILY = "1,2";
				TEST_TARGET_NAME = "Chat App";
			};
			name = Release;
		};
/* End XCBuildConfiguration section */

/* Begin XCConfigurationList section */
		1B05EB5B2020F9A300892D14 /* Build configuration list for PBXProject "Chat App" */ = {
			isa = XCConfigurationList;
			buildConfigurations = (
				1B05EB702020F9A300892D14 /* Debug */,
				1B05EB712020F9A300892D14 /* Release */,
			);
			defaultConfigurationIsVisible = 0;
			defaultConfigurationName = Release;
		};
		1B05EB722020F9A300892D14 /* Build configuration list for PBXNativeTarget "Chat App" */ = {
			isa = XCConfigurationList;
			buildConfigurations = (
				1B05EB732020F9A300892D14 /* Debug */,
				1B05EB742020F9A300892D14 /* Release */,
			);
			defaultConfigurationIsVisible = 0;
			defaultConfigurationName = Release;
		};
		1B914F0F20221E62002DB512 /* Build configuration list for PBXNativeTarget "Chat AppUITests" */ = {
			isa = XCConfigurationList;
			buildConfigurations = (
				1B914F1020221E62002DB512 /* Debug */,
				1B914F1120221E62002DB512 /* Release */,
			);
			defaultConfigurationIsVisible = 0;
			defaultConfigurationName = Release;
		};
/* End XCConfigurationList section */
	};
	rootObject = 1B05EB582020F9A300892D14 /* Project object */;
}
